
Microsoft Visual Studio Solution File, Format Version 12.00
# Visual Studio 15
VisualStudioVersion = 15.0.26730.8
MinimumVisualStudioVersion = 10.0.40219.1
Project("{FAE04EC0-301F-11D3-BF4B-00C04F79EFBC}") = "RefTVsValueT", "RefTVsValueT\RefTVsValueT.csproj", "{50F62AF3-5180-4727-AD08-2EF12F9B6937}"
EndProject
Global
	GlobalSection(SolutionConfigurationPlatforms) = preSolution
		Debug|Any CPU = Debug|Any CPU
		Release|Any CPU = Release|Any CPU
	EndGlobalSection
	GlobalSection(ProjectConfigurationPlatforms) = postSolution
		{50F62AF3-5180-4727-AD08-2EF12F9B6937}.Debug|Any CPU.ActiveCfg = Debug|Any CPU
		{50F62AF3-5180-4727-AD08-2EF12F9B6937}.Debug|Any CPU.Build.0 = Debug|Any CPU
		{50F62AF3-5180-4727-AD08-2EF12F9B6937}.Release|Any CPU.ActiveCfg = Release|Any CPU
		{50F62AF3-5180-4727-AD08-2EF12F9B6937}.Release|Any CPU.Build.0 = Release|Any CPU
	EndGlobalSection
	GlobalSection(SolutionProperties) = preSolution
		HideSolutionNode = FALSE
	EndGlobalSection
	GlobalSection(ExtensibilityGlobals) = postSolution
		SolutionGuid = {9132589B-F6BC-4CD0-976D-14BDDC834249}
	EndGlobalSection
EndGlobal
